
Microsoft Visual Studio Solution File, Format Version 12.00
# Visual Studio 14
VisualStudioVersion = 14.0.25123.0
MinimumVisualStudioVersion = 10.0.40219.1
Project("{13529242-4250-4F11-AF29-F729D487CCEC}") = "Sitecore.Support.78714", "Sitecore.Support.78714\Sitecore.Support.78714.csproj", "{821BE47B-DE7E-4CEF-B196-5FD61B5EF785}"
EndProject
Global
	GlobalSection(SolutionConfigurationPlatforms) = preSolution
		Debug|Any CPU = Debug|Any CPU
		Release|Any CPU = Release|Any CPU
	EndGlobalSection
	GlobalSection(ProjectConfigurationPlatforms) = postSolution
		{821BE47B-DE7E-4CEF-B196-5FD61B5EF785}.Debug|Any CPU.ActiveCfg = Debug|Any CPU
		{821BE47B-DE7E-4CEF-B196-5FD61B5EF785}.Debug|Any CPU.Build.0 = Debug|Any CPU
		{821BE47B-DE7E-4CEF-B196-5FD61B5EF785}.Release|Any CPU.ActiveCfg = Release|Any CPU
		{821BE47B-DE7E-4CEF-B196-5FD61B5EF785}.Release|Any CPU.Build.0 = Release|Any CPU
	EndGlobalSection
	GlobalSection(SolutionProperties) = preSolution
		HideSolutionNode = FALSE
	EndGlobalSection
EndGlobal
